// !$*UTF8*$!
{
	archiveVersion = 1;
	classes = {
	};
	objectVersion = 50;
	objects = {

/* Begin PBXBuildFile section */
		27763F0E25E069D500EBD58A /* VowelCountTests.swift in Sources */ = {isa = PBXBuildFile; fileRef = 27763F0D25E069D500EBD58A /* VowelCountTests.swift */; };
		27763F1625E06A2000EBD58A /* VowelCount.swift in Sources */ = {isa = PBXBuildFile; fileRef = 27763F1525E06A2000EBD58A /* VowelCount.swift */; };
		27763F3C25E06B7D00EBD58A /* CharacterExtensionTests.swift in Sources */ = {isa = PBXBuildFile; fileRef = 27763F3B25E06B7D00EBD58A /* CharacterExtensionTests.swift */; };
		27763F4125E06C3700EBD58A /* CharacterExtension.swift in Sources */ = {isa = PBXBuildFile; fileRef = 27763F4025E06C3700EBD58A /* CharacterExtension.swift */; };
		278D742325E5A81200749823 /* HorizontalImagesViewControllerTests.swift in Sources */ = {isa = PBXBuildFile; fileRef = 278D742225E5A81200749823 /* HorizontalImagesViewControllerTests.swift */; };
		278D742F25E5A94400749823 /* HorizontalImagesViewController.swift in Sources */ = {isa = PBXBuildFile; fileRef = 278D742D25E5A94400749823 /* HorizontalImagesViewController.swift */; };
		278D743025E5A94400749823 /* HorizontalImagesViewController.xib in Resources */ = {isa = PBXBuildFile; fileRef = 278D742E25E5A94400749823 /* HorizontalImagesViewController.xib */; };
		278D743625E5AEB200749823 /* ImageCellTests.swift in Sources */ = {isa = PBXBuildFile; fileRef = 278D743525E5AEB200749823 /* ImageCellTests.swift */; };
		278D743F25E5AF2700749823 /* ImageCellCollectionViewCell.swift in Sources */ = {isa = PBXBuildFile; fileRef = 278D743D25E5AF2700749823 /* ImageCellCollectionViewCell.swift */; };
		278D744025E5AF2700749823 /* ImageCellCollectionViewCell.xib in Resources */ = {isa = PBXBuildFile; fileRef = 278D743E25E5AF2700749823 /* ImageCellCollectionViewCell.xib */; };
		27AE6B3625DD9EA300C12C96 /* AppDelegate.swift in Sources */ = {isa = PBXBuildFile; fileRef = 27AE6B3525DD9EA300C12C96 /* AppDelegate.swift */; };
		27AE6B3825DD9EA300C12C96 /* SceneDelegate.swift in Sources */ = {isa = PBXBuildFile; fileRef = 27AE6B3725DD9EA300C12C96 /* SceneDelegate.swift */; };
		27AE6B3A25DD9EA300C12C96 /* ViewController.swift in Sources */ = {isa = PBXBuildFile; fileRef = 27AE6B3925DD9EA300C12C96 /* ViewController.swift */; };
		27AE6B3D25DD9EA300C12C96 /* Main.storyboard in Resources */ = {isa = PBXBuildFile; fileRef = 27AE6B3B25DD9EA300C12C96 /* Main.storyboard */; };
		27AE6B3F25DD9EA500C12C96 /* Assets.xcassets in Resources */ = {isa = PBXBuildFile; fileRef = 27AE6B3E25DD9EA500C12C96 /* Assets.xcassets */; };
		27AE6B4225DD9EA500C12C96 /* LaunchScreen.storyboard in Resources */ = {isa = PBXBuildFile; fileRef = 27AE6B4025DD9EA500C12C96 /* LaunchScreen.storyboard */; };
		27AE6B4D25DD9EA600C12C96 /* MovieAppTests.swift in Sources */ = {isa = PBXBuildFile; fileRef = 27AE6B4C25DD9EA600C12C96 /* MovieAppTests.swift */; };
		27AE6B5825DD9EA600C12C96 /* MovieAppUITests.swift in Sources */ = {isa = PBXBuildFile; fileRef = 27AE6B5725DD9EA600C12C96 /* MovieAppUITests.swift */; };
/* End PBXBuildFile section */

/* Begin PBXContainerItemProxy section */
		27AE6B4925DD9EA600C12C96 /* PBXContainerItemProxy */ = {
			isa = PBXContainerItemProxy;
			containerPortal = 27AE6B2A25DD9EA300C12C96 /* Project object */;
			proxyType = 1;
			remoteGlobalIDString = 27AE6B3125DD9EA300C12C96;
			remoteInfo = MovieApp;
		};
		27AE6B5425DD9EA600C12C96 /* PBXContainerItemProxy */ = {
			isa = PBXContainerItemProxy;
			containerPortal = 27AE6B2A25DD9EA300C12C96 /* Project object */;
			proxyType = 1;
			remoteGlobalIDString = 27AE6B3125DD9EA300C12C96;
			remoteInfo = MovieApp;
		};
/* End PBXContainerItemProxy section */

/* Begin PBXFileReference section */
		27763F0125E0623900EBD58A /* KataV2.playground */ = {isa = PBXFileReference; lastKnownFileType = file.playground; path = KataV2.playground; sourceTree = "<group>"; xcLanguageSpecificationIdentifier = xcode.lang.swift; };
		27763F0D25E069D500EBD58A /* VowelCountTests.swift */ = {isa = PBXFileReference; lastKnownFileType = sourcecode.swift; path = VowelCountTests.swift; sourceTree = "<group>"; };
		27763F1525E06A2000EBD58A /* VowelCount.swift */ = {isa = PBXFileReference; lastKnownFileType = sourcecode.swift; path = VowelCount.swift; sourceTree = "<group>"; };
		27763F3B25E06B7D00EBD58A /* CharacterExtensionTests.swift */ = {isa = PBXFileReference; lastKnownFileType = sourcecode.swift; path = CharacterExtensionTests.swift; sourceTree = "<group>"; };
		27763F4025E06C3700EBD58A /* CharacterExtension.swift */ = {isa = PBXFileReference; lastKnownFileType = sourcecode.swift; path = CharacterExtension.swift; sourceTree = "<group>"; };
		278D742225E5A81200749823 /* HorizontalImagesViewControllerTests.swift */ = {isa = PBXFileReference; lastKnownFileType = sourcecode.swift; path = HorizontalImagesViewControllerTests.swift; sourceTree = "<group>"; };
		278D742D25E5A94400749823 /* HorizontalImagesViewController.swift */ = {isa = PBXFileReference; lastKnownFileType = sourcecode.swift; path = HorizontalImagesViewController.swift; sourceTree = "<group>"; };
		278D742E25E5A94400749823 /* HorizontalImagesViewController.xib */ = {isa = PBXFileReference; lastKnownFileType = file.xib; path = HorizontalImagesViewController.xib; sourceTree = "<group>"; };
		278D743525E5AEB200749823 /* ImageCellTests.swift */ = {isa = PBXFileReference; lastKnownFileType = sourcecode.swift; path = ImageCellTests.swift; sourceTree = "<group>"; };
		278D743D25E5AF2700749823 /* ImageCellCollectionViewCell.swift */ = {isa = PBXFileReference; lastKnownFileType = sourcecode.swift; path = ImageCellCollectionViewCell.swift; sourceTree = "<group>"; };
		278D743E25E5AF2700749823 /* ImageCellCollectionViewCell.xib */ = {isa = PBXFileReference; lastKnownFileType = file.xib; path = ImageCellCollectionViewCell.xib; sourceTree = "<group>"; };
		27AE6B3225DD9EA300C12C96 /* MovieApp.app */ = {isa = PBXFileReference; explicitFileType = wrapper.application; includeInIndex = 0; path = MovieApp.app; sourceTree = BUILT_PRODUCTS_DIR; };
		27AE6B3525DD9EA300C12C96 /* AppDelegate.swift */ = {isa = PBXFileReference; lastKnownFileType = sourcecode.swift; path = AppDelegate.swift; sourceTree = "<group>"; };
		27AE6B3725DD9EA300C12C96 /* SceneDelegate.swift */ = {isa = PBXFileReference; lastKnownFileType = sourcecode.swift; path = SceneDelegate.swift; sourceTree = "<group>"; };
		27AE6B3925DD9EA300C12C96 /* ViewController.swift */ = {isa = PBXFileReference; lastKnownFileType = sourcecode.swift; path = ViewController.swift; sourceTree = "<group>"; };
		27AE6B3C25DD9EA300C12C96 /* Base */ = {isa = PBXFileReference; lastKnownFileType = file.storyboard; name = Base; path = Base.lproj/Main.storyboard; sourceTree = "<group>"; };
		27AE6B3E25DD9EA500C12C96 /* Assets.xcassets */ = {isa = PBXFileReference; lastKnownFileType = folder.assetcatalog; path = Assets.xcassets; sourceTree = "<group>"; };
		27AE6B4125DD9EA500C12C96 /* Base */ = {isa = PBXFileReference; lastKnownFileType = file.storyboard; name = Base; path = Base.lproj/LaunchScreen.storyboard; sourceTree = "<group>"; };
		27AE6B4325DD9EA500C12C96 /* Info.plist */ = {isa = PBXFileReference; lastKnownFileType = text.plist.xml; path = Info.plist; sourceTree = "<group>"; };
		27AE6B4825DD9EA600C12C96 /* MovieAppTests.xctest */ = {isa = PBXFileReference; explicitFileType = wrapper.cfbundle; includeInIndex = 0; path = MovieAppTests.xctest; sourceTree = BUILT_PRODUCTS_DIR; };
		27AE6B4C25DD9EA600C12C96 /* MovieAppTests.swift */ = {isa = PBXFileReference; lastKnownFileType = sourcecode.swift; path = MovieAppTests.swift; sourceTree = "<group>"; };
		27AE6B4E25DD9EA600C12C96 /* Info.plist */ = {isa = PBXFileReference; lastKnownFileType = text.plist.xml; path = Info.plist; sourceTree = "<group>"; };
		27AE6B5325DD9EA600C12C96 /* MovieAppUITests.xctest */ = {isa = PBXFileReference; explicitFileType = wrapper.cfbundle; includeInIndex = 0; path = MovieAppUITests.xctest; sourceTree = BUILT_PRODUCTS_DIR; };
		27AE6B5725DD9EA600C12C96 /* MovieAppUITests.swift */ = {isa = PBXFileReference; lastKnownFileType = sourcecode.swift; path = MovieAppUITests.swift; sourceTree = "<group>"; };
		27AE6B5925DD9EA600C12C96 /* Info.plist */ = {isa = PBXFileReference; lastKnownFileType = text.plist.xml; path = Info.plist; sourceTree = "<group>"; };
		27AE6B6825DDC93000C12C96 /* Kata.playground */ = {isa = PBXFileReference; lastKnownFileType = file.playground; path = Kata.playground; sourceTree = "<group>"; xcLanguageSpecificationIdentifier = xcode.lang.swift; };
		27AE6B6C25DDC9A400C12C96 /* Requirements.playground */ = {isa = PBXFileReference; lastKnownFileType = file.playground; path = Requirements.playground; sourceTree = "<group>"; xcLanguageSpecificationIdentifier = xcode.lang.swift; };
/* End PBXFileReference section */

/* Begin PBXFrameworksBuildPhase section */
		27AE6B2F25DD9EA300C12C96 /* Frameworks */ = {
			isa = PBXFrameworksBuildPhase;
			buildActionMask = 2147483647;
			files = (
			);
			runOnlyForDeploymentPostprocessing = 0;
		};
		27AE6B4525DD9EA600C12C96 /* Frameworks */ = {
			isa = PBXFrameworksBuildPhase;
			buildActionMask = 2147483647;
			files = (
			);
			runOnlyForDeploymentPostprocessing = 0;
		};
		27AE6B5025DD9EA600C12C96 /* Frameworks */ = {
			isa = PBXFrameworksBuildPhase;
			buildActionMask = 2147483647;
			files = (
			);
			runOnlyForDeploymentPostprocessing = 0;
		};
/* End PBXFrameworksBuildPhase section */

/* Begin PBXGroup section */
		27763F0825E0695D00EBD58A /* Vowel */ = {
			isa = PBXGroup;
			children = (
				27763F1525E06A2000EBD58A /* VowelCount.swift */,
				27763F4025E06C3700EBD58A /* CharacterExtension.swift */,
			);
			path = Vowel;
			sourceTree = "<group>";
		};
		27763F0925E0696600EBD58A /* Vowel */ = {
			isa = PBXGroup;
			children = (
				27763F0D25E069D500EBD58A /* VowelCountTests.swift */,
				27763F3B25E06B7D00EBD58A /* CharacterExtensionTests.swift */,
			);
			path = Vowel;
			sourceTree = "<group>";
		};
		278D741425E5A64500749823 /* Kata */ = {
			isa = PBXGroup;
			children = (
				27763F0125E0623900EBD58A /* KataV2.playground */,
				27763F0825E0695D00EBD58A /* Vowel */,
				27AE6B6825DDC93000C12C96 /* Kata.playground */,
				27AE6B6C25DDC9A400C12C96 /* Requirements.playground */,
			);
			path = Kata;
			sourceTree = "<group>";
		};
		278D743425E5AE8E00749823 /* HorizontalImages */ = {
			isa = PBXGroup;
			children = (
				278D742D25E5A94400749823 /* HorizontalImagesViewController.swift */,
				278D742E25E5A94400749823 /* HorizontalImagesViewController.xib */,
				278D743D25E5AF2700749823 /* ImageCellCollectionViewCell.swift */,
				278D743E25E5AF2700749823 /* ImageCellCollectionViewCell.xib */,
			);
			path = HorizontalImages;
			sourceTree = "<group>";
		};
		278D744A25E5BA0B00749823 /* HorizontalImages */ = {
			isa = PBXGroup;
			children = (
				278D742225E5A81200749823 /* HorizontalImagesViewControllerTests.swift */,
				278D743525E5AEB200749823 /* ImageCellTests.swift */,
			);
			path = HorizontalImages;
			sourceTree = "<group>";
		};
		27AE6B2925DD9EA300C12C96 = {
			isa = PBXGroup;
			children = (
				27AE6B3425DD9EA300C12C96 /* MovieApp */,
				27AE6B4B25DD9EA600C12C96 /* MovieAppTests */,
				27AE6B5625DD9EA600C12C96 /* MovieAppUITests */,
				27AE6B3325DD9EA300C12C96 /* Products */,
			);
			sourceTree = "<group>";
		};
		27AE6B3325DD9EA300C12C96 /* Products */ = {
			isa = PBXGroup;
			children = (
				27AE6B3225DD9EA300C12C96 /* MovieApp.app */,
				27AE6B4825DD9EA600C12C96 /* MovieAppTests.xctest */,
				27AE6B5325DD9EA600C12C96 /* MovieAppUITests.xctest */,
			);
			name = Products;
			sourceTree = "<group>";
		};
		27AE6B3425DD9EA300C12C96 /* MovieApp */ = {
			isa = PBXGroup;
			children = (
				278D743425E5AE8E00749823 /* HorizontalImages */,
				278D741425E5A64500749823 /* Kata */,
				27AE6B3525DD9EA300C12C96 /* AppDelegate.swift */,
				27AE6B3725DD9EA300C12C96 /* SceneDelegate.swift */,
				27AE6B3925DD9EA300C12C96 /* ViewController.swift */,
				27AE6B3B25DD9EA300C12C96 /* Main.storyboard */,
				27AE6B3E25DD9EA500C12C96 /* Assets.xcassets */,
				27AE6B4025DD9EA500C12C96 /* LaunchScreen.storyboard */,
				27AE6B4325DD9EA500C12C96 /* Info.plist */,
			);
			path = MovieApp;
			sourceTree = "<group>";
		};
		27AE6B4B25DD9EA600C12C96 /* MovieAppTests */ = {
			isa = PBXGroup;
			children = (
				278D744A25E5BA0B00749823 /* HorizontalImages */,
				27763F0925E0696600EBD58A /* Vowel */,
				27AE6B4C25DD9EA600C12C96 /* MovieAppTests.swift */,
				27AE6B4E25DD9EA600C12C96 /* Info.plist */,
			);
			path = MovieAppTests;
			sourceTree = "<group>";
		};
		27AE6B5625DD9EA600C12C96 /* MovieAppUITests */ = {
			isa = PBXGroup;
			children = (
				27AE6B5725DD9EA600C12C96 /* MovieAppUITests.swift */,
				27AE6B5925DD9EA600C12C96 /* Info.plist */,
			);
			path = MovieAppUITests;
			sourceTree = "<group>";
		};
/* End PBXGroup section */

/* Begin PBXNativeTarget section */
		27AE6B3125DD9EA300C12C96 /* MovieApp */ = {
			isa = PBXNativeTarget;
			buildConfigurationList = 27AE6B5C25DD9EA600C12C96 /* Build configuration list for PBXNativeTarget "MovieApp" */;
			buildPhases = (
				27AE6B2E25DD9EA300C12C96 /* Sources */,
				27AE6B2F25DD9EA300C12C96 /* Frameworks */,
				27AE6B3025DD9EA300C12C96 /* Resources */,
			);
			buildRules = (
			);
			dependencies = (
			);
			name = MovieApp;
			productName = MovieApp;
			productReference = 27AE6B3225DD9EA300C12C96 /* MovieApp.app */;
			productType = "com.apple.product-type.application";
		};
		27AE6B4725DD9EA600C12C96 /* MovieAppTests */ = {
			isa = PBXNativeTarget;
			buildConfigurationList = 27AE6B5F25DD9EA600C12C96 /* Build configuration list for PBXNativeTarget "MovieAppTests" */;
			buildPhases = (
				27AE6B4425DD9EA600C12C96 /* Sources */,
				27AE6B4525DD9EA600C12C96 /* Frameworks */,
				27AE6B4625DD9EA600C12C96 /* Resources */,
			);
			buildRules = (
			);
			dependencies = (
				27AE6B4A25DD9EA600C12C96 /* PBXTargetDependency */,
			);
			name = MovieAppTests;
			productName = MovieAppTests;
			productReference = 27AE6B4825DD9EA600C12C96 /* MovieAppTests.xctest */;
			productType = "com.apple.product-type.bundle.unit-test";
		};
		27AE6B5225DD9EA600C12C96 /* MovieAppUITests */ = {
			isa = PBXNativeTarget;
			buildConfigurationList = 27AE6B6225DD9EA600C12C96 /* Build configuration list for PBXNativeTarget "MovieAppUITests" */;
			buildPhases = (
				27AE6B4F25DD9EA600C12C96 /* Sources */,
				27AE6B5025DD9EA600C12C96 /* Frameworks */,
				27AE6B5125DD9EA600C12C96 /* Resources */,
			);
			buildRules = (
			);
			dependencies = (
				27AE6B5525DD9EA600C12C96 /* PBXTargetDependency */,
			);
			name = MovieAppUITests;
			productName = MovieAppUITests;
			productReference = 27AE6B5325DD9EA600C12C96 /* MovieAppUITests.xctest */;
			productType = "com.apple.product-type.bundle.ui-testing";
		};
/* End PBXNativeTarget section */

/* Begin PBXProject section */
		27AE6B2A25DD9EA300C12C96 /* Project object */ = {
			isa = PBXProject;
			attributes = {
				LastSwiftUpdateCheck = 1240;
				LastUpgradeCheck = 1240;
				TargetAttributes = {
					27AE6B3125DD9EA300C12C96 = {
						CreatedOnToolsVersion = 12.4;
					};
					27AE6B4725DD9EA600C12C96 = {
						CreatedOnToolsVersion = 12.4;
						TestTargetID = 27AE6B3125DD9EA300C12C96;
					};
					27AE6B5225DD9EA600C12C96 = {
						CreatedOnToolsVersion = 12.4;
						TestTargetID = 27AE6B3125DD9EA300C12C96;
					};
				};
			};
			buildConfigurationList = 27AE6B2D25DD9EA300C12C96 /* Build configuration list for PBXProject "MovieApp" */;
			compatibilityVersion = "Xcode 9.3";
			developmentRegion = en;
			hasScannedForEncodings = 0;
			knownRegions = (
				en,
				Base,
			);
			mainGroup = 27AE6B2925DD9EA300C12C96;
			productRefGroup = 27AE6B3325DD9EA300C12C96 /* Products */;
			projectDirPath = "";
			projectRoot = "";
			targets = (
				27AE6B3125DD9EA300C12C96 /* MovieApp */,
				27AE6B4725DD9EA600C12C96 /* MovieAppTests */,
				27AE6B5225DD9EA600C12C96 /* MovieAppUITests */,
			);
		};
/* End PBXProject section */

/* Begin PBXResourcesBuildPhase section */
		27AE6B3025DD9EA300C12C96 /* Resources */ = {
			isa = PBXResourcesBuildPhase;
			buildActionMask = 2147483647;
			files = (
				27AE6B4225DD9EA500C12C96 /* LaunchScreen.storyboard in Resources */,
				27AE6B3F25DD9EA500C12C96 /* Assets.xcassets in Resources */,
				278D744025E5AF2700749823 /* ImageCellCollectionViewCell.xib in Resources */,
				278D743025E5A94400749823 /* HorizontalImagesViewController.xib in Resources */,
				27AE6B3D25DD9EA300C12C96 /* Main.storyboard in Resources */,
			);
			runOnlyForDeploymentPostprocessing = 0;
		};
		27AE6B4625DD9EA600C12C96 /* Resources */ = {
			isa = PBXResourcesBuildPhase;
			buildActionMask = 2147483647;
			files = (
			);
			runOnlyForDeploymentPostprocessing = 0;
		};
		27AE6B5125DD9EA600C12C96 /* Resources */ = {
			isa = PBXResourcesBuildPhase;
			buildActionMask = 2147483647;
			files = (
			);
			runOnlyForDeploymentPostprocessing = 0;
		};
/* End PBXResourcesBuildPhase section */

/* Begin PBXSourcesBuildPhase section */
		27AE6B2E25DD9EA300C12C96 /* Sources */ = {
			isa = PBXSourcesBuildPhase;
			buildActionMask = 2147483647;
			files = (
				27763F1625E06A2000EBD58A /* VowelCount.swift in Sources */,
				278D743F25E5AF2700749823 /* ImageCellCollectionViewCell.swift in Sources */,
				27AE6B3A25DD9EA300C12C96 /* ViewController.swift in Sources */,
				278D742F25E5A94400749823 /* HorizontalImagesViewController.swift in Sources */,
				27763F4125E06C3700EBD58A /* CharacterExtension.swift in Sources */,
				27AE6B3625DD9EA300C12C96 /* AppDelegate.swift in Sources */,
				27AE6B3825DD9EA300C12C96 /* SceneDelegate.swift in Sources */,
			);
			runOnlyForDeploymentPostprocessing = 0;
		};
		27AE6B4425DD9EA600C12C96 /* Sources */ = {
			isa = PBXSourcesBuildPhase;
			buildActionMask = 2147483647;
			files = (
				27AE6B4D25DD9EA600C12C96 /* MovieAppTests.swift in Sources */,
				27763F3C25E06B7D00EBD58A /* CharacterExtensionTests.swift in Sources */,
				278D742325E5A81200749823 /* HorizontalImagesViewControllerTests.swift in Sources */,
				27763F0E25E069D500EBD58A /* VowelCountTests.swift in Sources */,
				278D743625E5AEB200749823 /* ImageCellTests.swift in Sources */,
			);
			runOnlyForDeploymentPostprocessing = 0;
		};
		27AE6B4F25DD9EA600C12C96 /* Sources */ = {
			isa = PBXSourcesBuildPhase;
			buildActionMask = 2147483647;
			files = (
				27AE6B5825DD9EA600C12C96 /* MovieAppUITests.swift in Sources */,
			);
			runOnlyForDeploymentPostprocessing = 0;
		};
/* End PBXSourcesBuildPhase section */

/* Begin PBXTargetDependency section */
		27AE6B4A25DD9EA600C12C96 /* PBXTargetDependency */ = {
			isa = PBXTargetDependency;
			target = 27AE6B3125DD9EA300C12C96 /* MovieApp */;
			targetProxy = 27AE6B4925DD9EA600C12C96 /* PBXContainerItemProxy */;
		};
		27AE6B5525DD9EA600C12C96 /* PBXTargetDependency */ = {
			isa = PBXTargetDependency;
			target = 27AE6B3125DD9EA300C12C96 /* MovieApp */;
			targetProxy = 27AE6B5425DD9EA600C12C96 /* PBXContainerItemProxy */;
		};
/* End PBXTargetDependency section */

/* Begin PBXVariantGroup section */
		27AE6B3B25DD9EA300C12C96 /* Main.storyboard */ = {
			isa = PBXVariantGroup;
			children = (
				27AE6B3C25DD9EA300C12C96 /* Base */,
			);
			name = Main.storyboard;
			sourceTree = "<group>";
		};
		27AE6B4025DD9EA500C12C96 /* LaunchScreen.storyboard */ = {
			isa = PBXVariantGroup;
			children = (
				27AE6B4125DD9EA500C12C96 /* Base */,
			);
			name = LaunchScreen.storyboard;
			sourceTree = "<group>";
		};
/* End PBXVariantGroup section */

/* Begin XCBuildConfiguration section */
		27AE6B5A25DD9EA600C12C96 /* Debug */ = {
			isa = XCBuildConfiguration;
			buildSettings = {
				ALWAYS_SEARCH_USER_PATHS = NO;
				CLANG_ANALYZER_NONNULL = YES;
				CLANG_ANALYZER_NUMBER_OBJECT_CONVERSION = YES_AGGRESSIVE;
				CLANG_CXX_LANGUAGE_STANDARD = "gnu++14";
				CLANG_CXX_LIBRARY = "libc++";
				CLANG_ENABLE_MODULES = YES;
				CLANG_ENABLE_OBJC_ARC = YES;
				CLANG_ENABLE_OBJC_WEAK = YES;
				CLANG_WARN_BLOCK_CAPTURE_AUTORELEASING = YES;
				CLANG_WARN_BOOL_CONVERSION = YES;
				CLANG_WARN_COMMA = YES;
				CLANG_WARN_CONSTANT_CONVERSION = YES;
				CLANG_WARN_DEPRECATED_OBJC_IMPLEMENTATIONS = YES;
				CLANG_WARN_DIRECT_OBJC_ISA_USAGE = YES_ERROR;
				CLANG_WARN_DOCUMENTATION_COMMENTS = YES;
				CLANG_WARN_EMPTY_BODY = YES;
				CLANG_WARN_ENUM_CONVERSION = YES;
				CLANG_WARN_INFINITE_RECURSION = YES;
				CLANG_WARN_INT_CONVERSION = YES;
				CLANG_WARN_NON_LITERAL_NULL_CONVERSION = YES;
				CLANG_WARN_OBJC_IMPLICIT_RETAIN_SELF = YES;
				CLANG_WARN_OBJC_LITERAL_CONVERSION = YES;
				CLANG_WARN_OBJC_ROOT_CLASS = YES_ERROR;
				CLANG_WARN_QUOTED_INCLUDE_IN_FRAMEWORK_HEADER = YES;
				CLANG_WARN_RANGE_LOOP_ANALYSIS = YES;
				CLANG_WARN_STRICT_PROTOTYPES = YES;
				CLANG_WARN_SUSPICIOUS_MOVE = YES;
				CLANG_WARN_UNGUARDED_AVAILABILITY = YES_AGGRESSIVE;
				CLANG_WARN_UNREACHABLE_CODE = YES;
				CLANG_WARN__DUPLICATE_METHOD_MATCH = YES;
				COPY_PHASE_STRIP = NO;
				DEBUG_INFORMATION_FORMAT = dwarf;
				ENABLE_STRICT_OBJC_MSGSEND = YES;
				ENABLE_TESTABILITY = YES;
				GCC_C_LANGUAGE_STANDARD = gnu11;
				GCC_DYNAMIC_NO_PIC = NO;
				GCC_NO_COMMON_BLOCKS = YES;
				GCC_OPTIMIZATION_LEVEL = 0;
				GCC_PREPROCESSOR_DEFINITIONS = (
					"DEBUG=1",
					"$(inherited)",
				);
				GCC_WARN_64_TO_32_BIT_CONVERSION = YES;
				GCC_WARN_ABOUT_RETURN_TYPE = YES_ERROR;
				GCC_WARN_UNDECLARED_SELECTOR = YES;
				GCC_WARN_UNINITIALIZED_AUTOS = YES_AGGRESSIVE;
				GCC_WARN_UNUSED_FUNCTION = YES;
				GCC_WARN_UNUSED_VARIABLE = YES;
				IPHONEOS_DEPLOYMENT_TARGET = 14.4;
				MTL_ENABLE_DEBUG_INFO = INCLUDE_SOURCE;
				MTL_FAST_MATH = YES;
				ONLY_ACTIVE_ARCH = YES;
				SDKROOT = iphoneos;
				SWIFT_ACTIVE_COMPILATION_CONDITIONS = DEBUG;
				SWIFT_OPTIMIZATION_LEVEL = "-Onone";
			};
			name = Debug;
		};
		27AE6B5B25DD9EA600C12C96 /* Release */ = {
			isa = XCBuildConfiguration;
			buildSettings = {
				ALWAYS_SEARCH_USER_PATHS = NO;
				CLANG_ANALYZER_NONNULL = YES;
				CLANG_ANALYZER_NUMBER_OBJECT_CONVERSION = YES_AGGRESSIVE;
				CLANG_CXX_LANGUAGE_STANDARD = "gnu++14";
				CLANG_CXX_LIBRARY = "libc++";
				CLANG_ENABLE_MODULES = YES;
				CLANG_ENABLE_OBJC_ARC = YES;
				CLANG_ENABLE_OBJC_WEAK = YES;
				CLANG_WARN_BLOCK_CAPTURE_AUTORELEASING = YES;
				CLANG_WARN_BOOL_CONVERSION = YES;
				CLANG_WARN_COMMA = YES;
				CLANG_WARN_CONSTANT_CONVERSION = YES;
				CLANG_WARN_DEPRECATED_OBJC_IMPLEMENTATIONS = YES;
				CLANG_WARN_DIRECT_OBJC_ISA_USAGE = YES_ERROR;
				CLANG_WARN_DOCUMENTATION_COMMENTS = YES;
				CLANG_WARN_EMPTY_BODY = YES;
				CLANG_WARN_ENUM_CONVERSION = YES;
				CLANG_WARN_INFINITE_RECURSION = YES;
				CLANG_WARN_INT_CONVERSION = YES;
				CLANG_WARN_NON_LITERAL_NULL_CONVERSION = YES;
				CLANG_WARN_OBJC_IMPLICIT_RETAIN_SELF = YES;
				CLANG_WARN_OBJC_LITERAL_CONVERSION = YES;
				CLANG_WARN_OBJC_ROOT_CLASS = YES_ERROR;
				CLANG_WARN_QUOTED_INCLUDE_IN_FRAMEWORK_HEADER = YES;
				CLANG_WARN_RANGE_LOOP_ANALYSIS = YES;
				CLANG_WARN_STRICT_PROTOTYPES = YES;
				CLANG_WARN_SUSPICIOUS_MOVE = YES;
				CLANG_WARN_UNGUARDED_AVAILABILITY = YES_AGGRESSIVE;
				CLANG_WARN_UNREACHABLE_CODE = YES;
				CLANG_WARN__DUPLICATE_METHOD_MATCH = YES;
				COPY_PHASE_STRIP = NO;
				DEBUG_INFORMATION_FORMAT = "dwarf-with-dsym";
				ENABLE_NS_ASSERTIONS = NO;
				ENABLE_STRICT_OBJC_MSGSEND = YES;
				GCC_C_LANGUAGE_STANDARD = gnu11;
				GCC_NO_COMMON_BLOCKS = YES;
				GCC_WARN_64_TO_32_BIT_CONVERSION = YES;
				GCC_WARN_ABOUT_RETURN_TYPE = YES_ERROR;
				GCC_WARN_UNDECLARED_SELECTOR = YES;
				GCC_WARN_UNINITIALIZED_AUTOS = YES_AGGRESSIVE;
				GCC_WARN_UNUSED_FUNCTION = YES;
				GCC_WARN_UNUSED_VARIABLE = YES;
				IPHONEOS_DEPLOYMENT_TARGET = 14.4;
				MTL_ENABLE_DEBUG_INFO = NO;
				MTL_FAST_MATH = YES;
				SDKROOT = iphoneos;
				SWIFT_COMPILATION_MODE = wholemodule;
				SWIFT_OPTIMIZATION_LEVEL = "-O";
				VALIDATE_PRODUCT = YES;
			};
			name = Release;
		};
		27AE6B5D25DD9EA600C12C96 /* Debug */ = {
			isa = XCBuildConfiguration;
			buildSettings = {
				ASSETCATALOG_COMPILER_APPICON_NAME = AppIcon;
				ASSETCATALOG_COMPILER_GLOBAL_ACCENT_COLOR_NAME = AccentColor;
				CODE_SIGN_STYLE = Automatic;
				INFOPLIST_FILE = MovieApp/Info.plist;
				LD_RUNPATH_SEARCH_PATHS = (
					"$(inherited)",
					"@executable_path/Frameworks",
				);
				PRODUCT_BUNDLE_IDENTIFIER = com.example.movie.MovieApp;
				PRODUCT_NAME = "$(TARGET_NAME)";
				SWIFT_VERSION = 5.0;
				TARGETED_DEVICE_FAMILY = "1,2";
			};
			name = Debug;
		};
		27AE6B5E25DD9EA600C12C96 /* Release */ = {
			isa = XCBuildConfiguration;
			buildSettings = {
				ASSETCATALOG_COMPILER_APPICON_NAME = AppIcon;
				ASSETCATALOG_COMPILER_GLOBAL_ACCENT_COLOR_NAME = AccentColor;
				CODE_SIGN_STYLE = Automatic;
				INFOPLIST_FILE = MovieApp/Info.plist;
				LD_RUNPATH_SEARCH_PATHS = (
					"$(inherited)",
					"@executable_path/Frameworks",
				);
				PRODUCT_BUNDLE_IDENTIFIER = com.example.movie.MovieApp;
				PRODUCT_NAME = "$(TARGET_NAME)";
				SWIFT_VERSION = 5.0;
				TARGETED_DEVICE_FAMILY = "1,2";
			};
			name = Release;
		};
		27AE6B6025DD9EA600C12C96 /* Debug */ = {
			isa = XCBuildConfiguration;
			buildSettings = {
				ALWAYS_EMBED_SWIFT_STANDARD_LIBRARIES = YES;
				BUNDLE_LOADER = "$(TEST_HOST)";
				CODE_SIGN_STYLE = Automatic;
				INFOPLIST_FILE = MovieAppTests/Info.plist;
				IPHONEOS_DEPLOYMENT_TARGET = 14.4;
				LD_RUNPATH_SEARCH_PATHS = (
					"$(inherited)",
					"@executable_path/Frameworks",
					"@loader_path/Frameworks",
				);
				PRODUCT_BUNDLE_IDENTIFIER = com.example.movie.MovieAppTests;
				PRODUCT_NAME = "$(TARGET_NAME)";
				SWIFT_VERSION = 5.0;
				TARGETED_DEVICE_FAMILY = "1,2";
				TEST_HOST = "$(BUILT_PRODUCTS_DIR)/MovieApp.app/MovieApp";
			};
			name = Debug;
		};
		27AE6B6125DD9EA600C12C96 /* Release */ = {
			isa = XCBuildConfiguration;
			buildSettings = {
				ALWAYS_EMBED_SWIFT_STANDARD_LIBRARIES = YES;
				BUNDLE_LOADER = "$(TEST_HOST)";
				CODE_SIGN_STYLE = Automatic;
				INFOPLIST_FILE = MovieAppTests/Info.plist;
				IPHONEOS_DEPLOYMENT_TARGET = 14.4;
				LD_RUNPATH_SEARCH_PATHS = (
					"$(inherited)",
					"@executable_path/Frameworks",
					"@loader_path/Frameworks",
				);
				PRODUCT_BUNDLE_IDENTIFIER = com.example.movie.MovieAppTests;
				PRODUCT_NAME = "$(TARGET_NAME)";
				SWIFT_VERSION = 5.0;
				TARGETED_DEVICE_FAMILY = "1,2";
				TEST_HOST = "$(BUILT_PRODUCTS_DIR)/MovieApp.app/MovieApp";
			};
			name = Release;
		};
		27AE6B6325DD9EA600C12C96 /* Debug */ = {
			isa = XCBuildConfiguration;
			buildSettings = {
				ALWAYS_EMBED_SWIFT_STANDARD_LIBRARIES = YES;
				CODE_SIGN_STYLE = Automatic;
				INFOPLIST_FILE = MovieAppUITests/Info.plist;
				LD_RUNPATH_SEARCH_PATHS = (
					"$(inherited)",
					"@executable_path/Frameworks",
					"@loader_path/Frameworks",
				);
				PRODUCT_BUNDLE_IDENTIFIER = com.example.movie.MovieAppUITests;
				PRODUCT_NAME = "$(TARGET_NAME)";
				SWIFT_VERSION = 5.0;
				TARGETED_DEVICE_FAMILY = "1,2";
				TEST_TARGET_NAME = MovieApp;
			};
			name = Debug;
		};
		27AE6B6425DD9EA600C12C96 /* Release */ = {
			isa = XCBuildConfiguration;
			buildSettings = {
				ALWAYS_EMBED_SWIFT_STANDARD_LIBRARIES = YES;
				CODE_SIGN_STYLE = Automatic;
				INFOPLIST_FILE = MovieAppUITests/Info.plist;
				LD_RUNPATH_SEARCH_PATHS = (
					"$(inherited)",
					"@executable_path/Frameworks",
					"@loader_path/Frameworks",
				);
				PRODUCT_BUNDLE_IDENTIFIER = com.example.movie.MovieAppUITests;
				PRODUCT_NAME = "$(TARGET_NAME)";
				SWIFT_VERSION = 5.0;
				TARGETED_DEVICE_FAMILY = "1,2";
				TEST_TARGET_NAME = MovieApp;
			};
			name = Release;
		};
/* End XCBuildConfiguration section */

/* Begin XCConfigurationList section */
		27AE6B2D25DD9EA300C12C96 /* Build configuration list for PBXProject "MovieApp" */ = {
			isa = XCConfigurationList;
			buildConfigurations = (
				27AE6B5A25DD9EA600C12C96 /* Debug */,
				27AE6B5B25DD9EA600C12C96 /* Release */,
			);
			defaultConfigurationIsVisible = 0;
			defaultConfigurationName = Release;
		};
		27AE6B5C25DD9EA600C12C96 /* Build configuration list for PBXNativeTarget "MovieApp" */ = {
			isa = XCConfigurationList;
			buildConfigurations = (
				27AE6B5D25DD9EA600C12C96 /* Debug */,
				27AE6B5E25DD9EA600C12C96 /* Release */,
			);
			defaultConfigurationIsVisible = 0;
			defaultConfigurationName = Release;
		};
		27AE6B5F25DD9EA600C12C96 /* Build configuration list for PBXNativeTarget "MovieAppTests" */ = {
			isa = XCConfigurationList;
			buildConfigurations = (
				27AE6B6025DD9EA600C12C96 /* Debug */,
				27AE6B6125DD9EA600C12C96 /* Release */,
			);
			defaultConfigurationIsVisible = 0;
			defaultConfigurationName = Release;
		};
		27AE6B6225DD9EA600C12C96 /* Build configuration list for PBXNativeTarget "MovieAppUITests" */ = {
			isa = XCConfigurationList;
			buildConfigurations = (
				27AE6B6325DD9EA600C12C96 /* Debug */,
				27AE6B6425DD9EA600C12C96 /* Release */,
			);
			defaultConfigurationIsVisible = 0;
			defaultConfigurationName = Release;
		};
/* End XCConfigurationList section */
	};
	rootObject = 27AE6B2A25DD9EA300C12C96 /* Project object */;
}
